// !$*UTF8*$!
{
	archiveVersion = 1;
	classes = {
	};
	objectVersion = 46;
	objects = {

/* Begin PBXBuildFile section */
		BD74D7E91EF171BB00FC6B7F /* AppDelegate.swift in Sources */ = {isa = PBXBuildFile; fileRef = BD74D7E01EF171BB00FC6B7F /* AppDelegate.swift */; };
		BD74D7EA1EF171BB00FC6B7F /* Assets.xcassets in Resources */ = {isa = PBXBuildFile; fileRef = BD74D7E11EF171BB00FC6B7F /* Assets.xcassets */; };
		BD74D7EB1EF171BB00FC6B7F /* diagramm.swift in Sources */ = {isa = PBXBuildFile; fileRef = BD74D7E31EF171BB00FC6B7F /* diagramm.swift */; };
		BD74D7EC1EF171BB00FC6B7F /* hid.c in Sources */ = {isa = PBXBuildFile; fileRef = BD74D7E41EF171BB00FC6B7F /* hid.c */; };
		BD74D7ED1EF171BB00FC6B7F /* Info.plist in Resources */ = {isa = PBXBuildFile; fileRef = BD74D7E61EF171BB00FC6B7F /* Info.plist */; };
		BD74D7EE1EF171BB00FC6B7F /* usb.swift in Sources */ = {isa = PBXBuildFile; fileRef = BD74D7E71EF171BB00FC6B7F /* usb.swift */; };
		BD74D7EF1EF171BB00FC6B7F /* ViewController.swift in Sources */ = {isa = PBXBuildFile; fileRef = BD74D7E81EF171BB00FC6B7F /* ViewController.swift */; };
		BD74D7F41EF1722900FC6B7F /* Main.storyboard in Resources */ = {isa = PBXBuildFile; fileRef = BD74D7F21EF1722900FC6B7F /* Main.storyboard */; };
		BD8500EF1EF55B7500B48272 /* abszisse.swift in Sources */ = {isa = PBXBuildFile; fileRef = BD8500EE1EF55B7500B48272 /* abszisse.swift */; };
/* End PBXBuildFile section */

/* Begin PBXFileReference section */
		BD74D7E01EF171BB00FC6B7F /* AppDelegate.swift */ = {isa = PBXFileReference; fileEncoding = 4; lastKnownFileType = sourcecode.swift; name = AppDelegate.swift; path = DataLogger/AppDelegate.swift; sourceTree = SOURCE_ROOT; };
		BD74D7E11EF171BB00FC6B7F /* Assets.xcassets */ = {isa = PBXFileReference; lastKnownFileType = folder.assetcatalog; name = Assets.xcassets; path = DataLogger/Assets.xcassets; sourceTree = SOURCE_ROOT; };
		BD74D7E21EF171BB00FC6B7F /* DataLogger-Bridging-Header.h */ = {isa = PBXFileReference; fileEncoding = 4; lastKnownFileType = sourcecode.c.h; name = "DataLogger-Bridging-Header.h"; path = "DataLogger/DataLogger-Bridging-Header.h"; sourceTree = SOURCE_ROOT; };
		BD74D7E31EF171BB00FC6B7F /* diagramm.swift */ = {isa = PBXFileReference; fileEncoding = 4; lastKnownFileType = sourcecode.swift; name = diagramm.swift; path = DataLogger/diagramm.swift; sourceTree = SOURCE_ROOT; };
		BD74D7E41EF171BB00FC6B7F /* hid.c */ = {isa = PBXFileReference; fileEncoding = 4; lastKnownFileType = sourcecode.c.c; name = hid.c; path = DataLogger/hid.c; sourceTree = SOURCE_ROOT; };
		BD74D7E51EF171BB00FC6B7F /* hid.h */ = {isa = PBXFileReference; fileEncoding = 4; lastKnownFileType = sourcecode.c.h; name = hid.h; path = DataLogger/hid.h; sourceTree = SOURCE_ROOT; };
		BD74D7E61EF171BB00FC6B7F /* Info.plist */ = {isa = PBXFileReference; fileEncoding = 4; lastKnownFileType = text.plist.xml; name = Info.plist; path = DataLogger/Info.plist; sourceTree = SOURCE_ROOT; };
		BD74D7E71EF171BB00FC6B7F /* usb.swift */ = {isa = PBXFileReference; fileEncoding = 4; lastKnownFileType = sourcecode.swift; name = usb.swift; path = DataLogger/usb.swift; sourceTree = SOURCE_ROOT; };
		BD74D7E81EF171BB00FC6B7F /* ViewController.swift */ = {isa = PBXFileReference; fileEncoding = 4; lastKnownFileType = sourcecode.swift; name = ViewController.swift; path = DataLogger/ViewController.swift; sourceTree = SOURCE_ROOT; };
		BD74D7F31EF1722900FC6B7F /* Base */ = {isa = PBXFileReference; lastKnownFileType = file.storyboard; name = Base; path = DataLogger/Base.lproj/Main.storyboard; sourceTree = SOURCE_ROOT; };
		BD8500EE1EF55B7500B48272 /* abszisse.swift */ = {isa = PBXFileReference; fileEncoding = 4; lastKnownFileType = sourcecode.swift; name = abszisse.swift; path = DataLogger/abszisse.swift; sourceTree = SOURCE_ROOT; };
		BDC8867D1EEDC8D500923775 /* DataLogger.app */ = {isa = PBXFileReference; explicitFileType = wrapper.application; includeInIndex = 0; path = DataLogger.app; sourceTree = BUILT_PRODUCTS_DIR; };
/* End PBXFileReference section */

/* Begin PBXFrameworksBuildPhase section */
		BDC8867A1EEDC8D500923775 /* Frameworks */ = {
			isa = PBXFrameworksBuildPhase;
			buildActionMask = 2147483647;
			files = (
			);
			runOnlyForDeploymentPostprocessing = 0;
		};
/* End PBXFrameworksBuildPhase section */

/* Begin PBXGroup section */
		BDC886741EEDC8D500923775 = {
			isa = PBXGroup;
			children = (
				BDC8867F1EEDC8D500923775 /* DataLogger */,
				BDC8867E1EEDC8D500923775 /* Products */,
			);
			sourceTree = "<group>";
		};
		BDC8867E1EEDC8D500923775 /* Products */ = {
			isa = PBXGroup;
			children = (
				BDC8867D1EEDC8D500923775 /* DataLogger.app */,
			);
			name = Products;
			sourceTree = "<group>";
		};
		BDC8867F1EEDC8D500923775 /* DataLogger */ = {
			isa = PBXGroup;
			children = (
				BD74D7E81EF171BB00FC6B7F /* ViewController.swift */,
				BD74D7E31EF171BB00FC6B7F /* diagramm.swift */,
				BD8500EE1EF55B7500B48272 /* abszisse.swift */,
				BD74D7F21EF1722900FC6B7F /* Main.storyboard */,
				BD74D7E01EF171BB00FC6B7F /* AppDelegate.swift */,
				BD74D7E11EF171BB00FC6B7F /* Assets.xcassets */,
				BD74D7E21EF171BB00FC6B7F /* DataLogger-Bridging-Header.h */,
				BD74D7E41EF171BB00FC6B7F /* hid.c */,
				BD74D7E51EF171BB00FC6B7F /* hid.h */,
				BD74D7E61EF171BB00FC6B7F /* Info.plist */,
				BD74D7E71EF171BB00FC6B7F /* usb.swift */,
			);
			name = DataLogger;
			path = DataLogger2;
			sourceTree = "<group>";
		};
/* End PBXGroup section */

/* Begin PBXNativeTarget section */
		BDC8867C1EEDC8D500923775 /* DataLogger */ = {
			isa = PBXNativeTarget;
			buildConfigurationList = BDC8868C1EEDC8D500923775 /* Build configuration list for PBXNativeTarget "DataLogger" */;
			buildPhases = (
				BDC886791EEDC8D500923775 /* Sources */,
				BDC8867A1EEDC8D500923775 /* Frameworks */,
				BDC8867B1EEDC8D500923775 /* Resources */,
			);
			buildRules = (
			);
			dependencies = (
			);
			name = DataLogger;
			productName = DataLogger2;
			productReference = BDC8867D1EEDC8D500923775 /* DataLogger.app */;
			productType = "com.apple.product-type.application";
		};
/* End PBXNativeTarget section */

/* Begin PBXProject section */
		BDC886751EEDC8D500923775 /* Project object */ = {
			isa = PBXProject;
			attributes = {
				LastSwiftUpdateCheck = 0830;
				LastUpgradeCheck = 0830;
				ORGANIZATIONNAME = "Ruedi Heimlicher";
				TargetAttributes = {
					BDC8867C1EEDC8D500923775 = {
						CreatedOnToolsVersion = 8.3.2;
						DevelopmentTeam = 535FNG3TMM;
						LastSwiftMigration = 0830;
						ProvisioningStyle = Automatic;
					};
				};
			};
			buildConfigurationList = BDC886781EEDC8D500923775 /* Build configuration list for PBXProject "DataLogger" */;
			compatibilityVersion = "Xcode 3.2";
			developmentRegion = English;
			hasScannedForEncodings = 0;
			knownRegions = (
				en,
				Base,
			);
			mainGroup = BDC886741EEDC8D500923775;
			productRefGroup = BDC8867E1EEDC8D500923775 /* Products */;
			projectDirPath = "";
			projectRoot = "";
			targets = (
				BDC8867C1EEDC8D500923775 /* DataLogger */,
			);
		};
/* End PBXProject section */

/* Begin PBXResourcesBuildPhase section */
		BDC8867B1EEDC8D500923775 /* Resources */ = {
			isa = PBXResourcesBuildPhase;
			buildActionMask = 2147483647;
			files = (
				BD74D7F41EF1722900FC6B7F /* Main.storyboard in Resources */,
				BD74D7ED1EF171BB00FC6B7F /* Info.plist in Resources */,
				BD74D7EA1EF171BB00FC6B7F /* Assets.xcassets in Resources */,
			);
			runOnlyForDeploymentPostprocessing = 0;
		};
/* End PBXResourcesBuildPhase section */

/* Begin PBXSourcesBuildPhase section */
		BDC886791EEDC8D500923775 /* Sources */ = {
			isa = PBXSourcesBuildPhase;
			buildActionMask = 2147483647;
			files = (
				BD74D7EF1EF171BB00FC6B7F /* ViewController.swift in Sources */,
				BD74D7E91EF171BB00FC6B7F /* AppDelegate.swift in Sources */,
				BD74D7EC1EF171BB00FC6B7F /* hid.c in Sources */,
				BD74D7EE1EF171BB00FC6B7F /* usb.swift in Sources */,
				BD74D7EB1EF171BB00FC6B7F /* diagramm.swift in Sources */,
				BD8500EF1EF55B7500B48272 /* abszisse.swift in Sources */,
			);
			runOnlyForDeploymentPostprocessing = 0;
		};
/* End PBXSourcesBuildPhase section */

/* Begin PBXVariantGroup section */
		BD74D7F21EF1722900FC6B7F /* Main.storyboard */ = {
			isa = PBXVariantGroup;
			children = (
				BD74D7F31EF1722900FC6B7F /* Base */,
			);
			name = Main.storyboard;
			sourceTree = "<group>";
		};
/* End PBXVariantGroup section */

/* Begin XCBuildConfiguration section */
		BDC8868A1EEDC8D500923775 /* Debug */ = {
			isa = XCBuildConfiguration;
			buildSettings = {
				ALWAYS_SEARCH_USER_PATHS = NO;
				CLANG_ANALYZER_NONNULL = YES;
				CLANG_ANALYZER_NUMBER_OBJECT_CONVERSION = YES_AGGRESSIVE;
				CLANG_CXX_LANGUAGE_STANDARD = "gnu++0x";
				CLANG_CXX_LIBRARY = "libc++";
				CLANG_ENABLE_MODULES = YES;
				CLANG_ENABLE_OBJC_ARC = YES;
				CLANG_WARN_BOOL_CONVERSION = YES;
				CLANG_WARN_CONSTANT_CONVERSION = YES;
				CLANG_WARN_DIRECT_OBJC_ISA_USAGE = YES_ERROR;
				CLANG_WARN_DOCUMENTATION_COMMENTS = YES;
				CLANG_WARN_EMPTY_BODY = YES;
				CLANG_WARN_ENUM_CONVERSION = YES;
				CLANG_WARN_INFINITE_RECURSION = YES;
				CLANG_WARN_INT_CONVERSION = YES;
				CLANG_WARN_OBJC_ROOT_CLASS = YES_ERROR;
				CLANG_WARN_SUSPICIOUS_MOVE = YES;
				CLANG_WARN_UNREACHABLE_CODE = YES;
				CLANG_WARN__DUPLICATE_METHOD_MATCH = YES;
				CODE_SIGN_IDENTITY = "-";
				COPY_PHASE_STRIP = NO;
				DEBUG_INFORMATION_FORMAT = dwarf;
				ENABLE_STRICT_OBJC_MSGSEND = YES;
				ENABLE_TESTABILITY = YES;
				GCC_C_LANGUAGE_STANDARD = gnu99;
				GCC_DYNAMIC_NO_PIC = NO;
				GCC_NO_COMMON_BLOCKS = YES;
				GCC_OPTIMIZATION_LEVEL = 0;
				GCC_PREPROCESSOR_DEFINITIONS = (
					"DEBUG=1",
					"$(inherited)",
				);
				GCC_WARN_64_TO_32_BIT_CONVERSION = YES;
				GCC_WARN_ABOUT_RETURN_TYPE = YES_ERROR;
				GCC_WARN_UNDECLARED_SELECTOR = YES;
				GCC_WARN_UNINITIALIZED_AUTOS = YES_AGGRESSIVE;
				GCC_WARN_UNUSED_FUNCTION = YES;
				GCC_WARN_UNUSED_VARIABLE = YES;
				MACOSX_DEPLOYMENT_TARGET = 10.12;
				MTL_ENABLE_DEBUG_INFO = YES;
				ONLY_ACTIVE_ARCH = YES;
				SDKROOT = macosx;
				SWIFT_ACTIVE_COMPILATION_CONDITIONS = DEBUG;
				SWIFT_OPTIMIZATION_LEVEL = "-Onone";
			};
			name = Debug;
		};
		BDC8868B1EEDC8D500923775 /* Release */ = {
			isa = XCBuildConfiguration;
			buildSettings = {
				ALWAYS_SEARCH_USER_PATHS = NO;
				CLANG_ANALYZER_NONNULL = YES;
				CLANG_ANALYZER_NUMBER_OBJECT_CONVERSION = YES_AGGRESSIVE;
				CLANG_CXX_LANGUAGE_STANDARD = "gnu++0x";
				CLANG_CXX_LIBRARY = "libc++";
				CLANG_ENABLE_MODULES = YES;
				CLANG_ENABLE_OBJC_ARC = YES;
				CLANG_WARN_BOOL_CONVERSION = YES;
				CLANG_WARN_CONSTANT_CONVERSION = YES;
				CLANG_WARN_DIRECT_OBJC_ISA_USAGE = YES_ERROR;
				CLANG_WARN_DOCUMENTATION_COMMENTS = YES;
				CLANG_WARN_EMPTY_BODY = YES;
				CLANG_WARN_ENUM_CONVERSION = YES;
				CLANG_WARN_INFINITE_RECURSION = YES;
				CLANG_WARN_INT_CONVERSION = YES;
				CLANG_WARN_OBJC_ROOT_CLASS = YES_ERROR;
				CLANG_WARN_SUSPICIOUS_MOVE = YES;
				CLANG_WARN_UNREACHABLE_CODE = YES;
				CLANG_WARN__DUPLICATE_METHOD_MATCH = YES;
				CODE_SIGN_IDENTITY = "-";
				COPY_PHASE_STRIP = NO;
				DEBUG_INFORMATION_FORMAT = "dwarf-with-dsym";
				ENABLE_NS_ASSERTIONS = NO;
				ENABLE_STRICT_OBJC_MSGSEND = YES;
				GCC_C_LANGUAGE_STANDARD = gnu99;
				GCC_NO_COMMON_BLOCKS = YES;
				GCC_WARN_64_TO_32_BIT_CONVERSION = YES;
				GCC_WARN_ABOUT_RETURN_TYPE = YES_ERROR;
				GCC_WARN_UNDECLARED_SELECTOR = YES;
				GCC_WARN_UNINITIALIZED_AUTOS = YES_AGGRESSIVE;
				GCC_WARN_UNUSED_FUNCTION = YES;
				GCC_WARN_UNUSED_VARIABLE = YES;
				MACOSX_DEPLOYMENT_TARGET = 10.12;
				MTL_ENABLE_DEBUG_INFO = NO;
				SDKROOT = macosx;
				SWIFT_OPTIMIZATION_LEVEL = "-Owholemodule";
			};
			name = Release;
		};
		BDC8868D1EEDC8D500923775 /* Debug */ = {
			isa = XCBuildConfiguration;
			buildSettings = {
				ASSETCATALOG_COMPILER_APPICON_NAME = AppIcon;
				CLANG_ENABLE_MODULES = YES;
				COMBINE_HIDPI_IMAGES = YES;
				DEVELOPMENT_TEAM = 535FNG3TMM;
				INFOPLIST_FILE = DataLogger/Info.plist;
				LD_RUNPATH_SEARCH_PATHS = "$(inherited) @executable_path/../Frameworks";
				PRODUCT_BUNDLE_IDENTIFIER = RH.DataLogger;
				PRODUCT_NAME = "$(TARGET_NAME)";
				SWIFT_OBJC_BRIDGING_HEADER = "DataLogger/DataLogger-Bridging-Header.h";
				SWIFT_OPTIMIZATION_LEVEL = "-Onone";
				SWIFT_VERSION = 3.0;
			};
			name = Debug;
		};
		BDC8868E1EEDC8D500923775 /* Release */ = {
			isa = XCBuildConfiguration;
			buildSettings = {
				ASSETCATALOG_COMPILER_APPICON_NAME = AppIcon;
				CLANG_ENABLE_MODULES = YES;
				COMBINE_HIDPI_IMAGES = YES;
				DEVELOPMENT_TEAM = 535FNG3TMM;
				INFOPLIST_FILE = DataLogger/Info.plist;
				LD_RUNPATH_SEARCH_PATHS = "$(inherited) @executable_path/../Frameworks";
				PRODUCT_BUNDLE_IDENTIFIER = RH.DataLogger;
				PRODUCT_NAME = "$(TARGET_NAME)";
				SWIFT_OBJC_BRIDGING_HEADER = "DataLogger/DataLogger-Bridging-Header.h";
				SWIFT_VERSION = 3.0;
			};
			name = Release;
		};
/* End XCBuildConfiguration section */

/* Begin XCConfigurationList section */
		BDC886781EEDC8D500923775 /* Build configuration list for PBXProject "DataLogger" */ = {
			isa = XCConfigurationList;
			buildConfigurations = (
				BDC8868A1EEDC8D500923775 /* Debug */,
				BDC8868B1EEDC8D500923775 /* Release */,
			);
			defaultConfigurationIsVisible = 0;
			defaultConfigurationName = Release;
		};
		BDC8868C1EEDC8D500923775 /* Build configuration list for PBXNativeTarget "DataLogger" */ = {
			isa = XCConfigurationList;
			buildConfigurations = (
				BDC8868D1EEDC8D500923775 /* Debug */,
				BDC8868E1EEDC8D500923775 /* Release */,
			);
			defaultConfigurationIsVisible = 0;
			defaultConfigurationName = Release;
		};
/* End XCConfigurationList section */
	};
	rootObject = BDC886751EEDC8D500923775 /* Project object */;
}
